
Microsoft Visual Studio Solution File, Format Version 12.00
# Visual Studio Version 16
VisualStudioVersion = 16.0.31424.327
MinimumVisualStudioVersion = 10.0.40219.1
Project("{FAE04EC0-301F-11D3-BF4B-00C04F79EFBC}") = "TaskModuleInBlazor", "TaskModuleInBlazor\TaskModuleInBlazor.csproj", "{2DCBD329-AB67-4E96-A6C1-365AC3C1F091}"
EndProject
Global
	GlobalSection(SolutionConfigurationPlatforms) = preSolution
		Debug|Any CPU = Debug|Any CPU
		Release|Any CPU = Release|Any CPU
	EndGlobalSection
	GlobalSection(ProjectConfigurationPlatforms) = postSolution
		{2DCBD329-AB67-4E96-A6C1-365AC3C1F091}.Debug|Any CPU.ActiveCfg = Debug|Any CPU
		{2DCBD329-AB67-4E96-A6C1-365AC3C1F091}.Debug|Any CPU.Build.0 = Debug|Any CPU
		{2DCBD329-AB67-4E96-A6C1-365AC3C1F091}.Release|Any CPU.ActiveCfg = Release|Any CPU
		{2DCBD329-AB67-4E96-A6C1-365AC3C1F091}.Release|Any CPU.Build.0 = Release|Any CPU
	EndGlobalSection
	GlobalSection(SolutionProperties) = preSolution
		HideSolutionNode = FALSE
	EndGlobalSection
	GlobalSection(ExtensibilityGlobals) = postSolution
		SolutionGuid = {7B0DDA25-90A6-4423-B559-AC379EA85794}
	EndGlobalSection
EndGlobal
